
Microsoft Visual Studio Solution File, Format Version 12.00
# Visual Studio Version 17
VisualStudioVersion = 17.10.35027.167
MinimumVisualStudioVersion = 10.0.40219.1
Project("{FAE04EC0-301F-11D3-BF4B-00C04F79EFBC}") = "mvcProyecto", "mvcProyecto.csproj", "{14B783B6-FF2F-4A0A-9423-C97F532E95D5}"
EndProject
Global
	GlobalSection(SolutionConfigurationPlatforms) = preSolution
		Debug|Any CPU = Debug|Any CPU
		Release|Any CPU = Release|Any CPU
	EndGlobalSection
	GlobalSection(ProjectConfigurationPlatforms) = postSolution
		{14B783B6-FF2F-4A0A-9423-C97F532E95D5}.Debug|Any CPU.ActiveCfg = Debug|Any CPU
		{14B783B6-FF2F-4A0A-9423-C97F532E95D5}.Debug|Any CPU.Build.0 = Debug|Any CPU
		{14B783B6-FF2F-4A0A-9423-C97F532E95D5}.Release|Any CPU.ActiveCfg = Release|Any CPU
		{14B783B6-FF2F-4A0A-9423-C97F532E95D5}.Release|Any CPU.Build.0 = Release|Any CPU
	EndGlobalSection
	GlobalSection(SolutionProperties) = preSolution
		HideSolutionNode = FALSE
	EndGlobalSection
	GlobalSection(ExtensibilityGlobals) = postSolution
		SolutionGuid = {E59E242B-10F0-41D2-8941-4D276B39B816}
	EndGlobalSection
EndGlobal
